PODS:
  - DropDown (2.3.13)
  - Toast-Swift (5.1.0)

DEPENDENCIES:
  - DropDown
  - Toast-Swift

SPEC REPOS:
  trunk:
    - DropDown
    - Toast-Swift

SPEC CHECKSUMS:
  DropDown: 8a2116376c1981888557f72ec2ffc9a5e0e456ec
  Toast-Swift: dd369e68ee529f542c65bd0d0c6c50cd743cf6f2

PODFILE CHECKSUM: da96d9199404afd3b42b20d86d2ef51ca38a8f9b

COCOAPODS: 1.8.4
